
Microsoft Visual Studio Solution File, Format Version 12.00
# Visual Studio Version 17
VisualStudioVersion = 17.12.35527.113
MinimumVisualStudioVersion = 10.0.40219.1
Project("{2150E333-8FDC-42A3-9474-1A3956D46DE8}") = "Services", "Services", "{48C00514-1BAA-4595-8673-6B748589AFF0}"
EndProject
Project("{2150E333-8FDC-42A3-9474-1A3956D46DE8}") = "Catalog", "Catalog", "{548CEFAF-E46B-429B-A39D-77E3F0FD4DBC}"
EndProject
Project("{2150E333-8FDC-42A3-9474-1A3956D46DE8}") = "BuildingBlocks", "BuildingBlocks", "{3DC8D89F-F429-4DCD-9DD2-D192C4DE2BAC}"
EndProject
Project("{FAE04EC0-301F-11D3-BF4B-00C04F79EFBC}") = "BuildingBlocks", "BuildingBlocks\BuildingBlocks\BuildingBlocks.csproj", "{27C73AE0-6FDC-4518-B08A-446F84ECFC5B}"
EndProject
Project("{FAE04EC0-301F-11D3-BF4B-00C04F79EFBC}") = "Catalog.API", "Services\Catalog\Catalog.API\Catalog.API.csproj", "{5DD40959-69D8-4D6C-A9E5-CC9705F09A98}"
EndProject
Project("{E53339B2-1760-4266-BCC7-CA923CBCF16C}") = "docker-compose", "docker-compose.dcproj", "{67DE4ABC-86C7-4572-9F0D-B08A907DFA65}"
EndProject
Project("{2150E333-8FDC-42A3-9474-1A3956D46DE8}") = "Basket", "Basket", "{734DE455-6AC7-44BF-BDD7-FB1FA5E77D0B}"
EndProject
Project("{FAE04EC0-301F-11D3-BF4B-00C04F79EFBC}") = "Basket.API", "Services\Basket\Basket.API\Basket.API.csproj", "{D11D3525-FB7E-4DD4-AD7B-7919DEAA11E5}"
EndProject
Project("{2150E333-8FDC-42A3-9474-1A3956D46DE8}") = "Discount", "Discount", "{F3837304-B40F-44F7-851B-6804EE835440}"
EndProject
Project("{FAE04EC0-301F-11D3-BF4B-00C04F79EFBC}") = "Discount.Grpc", "Services\Discount\Discount.Grpc\Discount.Grpc.csproj", "{1802908E-C139-4406-9CDF-F14950158D45}"
EndProject
Project("{2150E333-8FDC-42A3-9474-1A3956D46DE8}") = "Ordering", "Ordering", "{2B4A3491-31CA-45F1-9342-685203B7FDDB}"
EndProject
Project("{FAE04EC0-301F-11D3-BF4B-00C04F79EFBC}") = "Ordering.API", "Services\Ordering\Ordering.API\Ordering.API.csproj", "{A0E8CA5C-BA8C-4386-B49C-37534D95DE91}"
EndProject
Project("{FAE04EC0-301F-11D3-BF4B-00C04F79EFBC}") = "Ordering.Application", "Services\Ordering\Ordering.Application\Ordering.Application.csproj", "{97F98AE4-9285-4396-B4DC-6F26A426454B}"
EndProject
Project("{FAE04EC0-301F-11D3-BF4B-00C04F79EFBC}") = "Ordering.Domain", "Services\Ordering\Ordering.Domain\Ordering.Domain.csproj", "{F611B05C-DB48-440F-B97B-8A65F505CA96}"
EndProject
Project("{FAE04EC0-301F-11D3-BF4B-00C04F79EFBC}") = "Ordering.Infrastructure", "Services\Ordering\Ordering.Infrastructure\Ordering.Infrastructure.csproj", "{A59D1C49-F40F-447D-BCCC-F2D3FACB49FF}"
EndProject
Project("{FAE04EC0-301F-11D3-BF4B-00C04F79EFBC}") = "BuildingBlocks.Messaging", "BuildingBlocks\BuildingBlocks.Messaging\BuildingBlocks.Messaging.csproj", "{A73A0483-2308-4CD1-BA8E-26DC89C537E2}"
EndProject
Project("{2150E333-8FDC-42A3-9474-1A3956D46DE8}") = "ApiGateways", "ApiGateways", "{7FF35CBE-6C45-40D8-ABEE-8B1882648B0E}"
EndProject
Project("{FAE04EC0-301F-11D3-BF4B-00C04F79EFBC}") = "YarpApiGateway", "ApiGateways\YarpApiGateway\YarpApiGateway.csproj", "{A9963554-42C2-45D2-BF4F-14BC775F3A08}"
EndProject
Project("{2150E333-8FDC-42A3-9474-1A3956D46DE8}") = "WebApps", "WebApps", "{81A99327-D299-4B67-961E-97A46A96871F}"
EndProject
Project("{FAE04EC0-301F-11D3-BF4B-00C04F79EFBC}") = "Shopping.Web", "WebApps\Shopping.Web\Shopping.Web.csproj", "{33157A1B-E1AA-48ED-B56E-24E969A88D7C}"
EndProject
Global
	GlobalSection(SolutionConfigurationPlatforms) = preSolution
		Debug|Any CPU = Debug|Any CPU
		Release|Any CPU = Release|Any CPU
	EndGlobalSection
	GlobalSection(ProjectConfigurationPlatforms) = postSolution
		{27C73AE0-6FDC-4518-B08A-446F84ECFC5B}.Debug|Any CPU.ActiveCfg = Debug|Any CPU
		{27C73AE0-6FDC-4518-B08A-446F84ECFC5B}.Debug|Any CPU.Build.0 = Debug|Any CPU
		{27C73AE0-6FDC-4518-B08A-446F84ECFC5B}.Release|Any CPU.ActiveCfg = Release|Any CPU
		{27C73AE0-6FDC-4518-B08A-446F84ECFC5B}.Release|Any CPU.Build.0 = Release|Any CPU
		{5DD40959-69D8-4D6C-A9E5-CC9705F09A98}.Debug|Any CPU.ActiveCfg = Debug|Any CPU
		{5DD40959-69D8-4D6C-A9E5-CC9705F09A98}.Debug|Any CPU.Build.0 = Debug|Any CPU
		{5DD40959-69D8-4D6C-A9E5-CC9705F09A98}.Release|Any CPU.ActiveCfg = Release|Any CPU
		{5DD40959-69D8-4D6C-A9E5-CC9705F09A98}.Release|Any CPU.Build.0 = Release|Any CPU
		{67DE4ABC-86C7-4572-9F0D-B08A907DFA65}.Debug|Any CPU.ActiveCfg = Debug|Any CPU
		{67DE4ABC-86C7-4572-9F0D-B08A907DFA65}.Debug|Any CPU.Build.0 = Debug|Any CPU
		{67DE4ABC-86C7-4572-9F0D-B08A907DFA65}.Release|Any CPU.ActiveCfg = Release|Any CPU
		{67DE4ABC-86C7-4572-9F0D-B08A907DFA65}.Release|Any CPU.Build.0 = Release|Any CPU
		{D11D3525-FB7E-4DD4-AD7B-7919DEAA11E5}.Debug|Any CPU.ActiveCfg = Debug|Any CPU
		{D11D3525-FB7E-4DD4-AD7B-7919DEAA11E5}.Debug|Any CPU.Build.0 = Debug|Any CPU
		{D11D3525-FB7E-4DD4-AD7B-7919DEAA11E5}.Release|Any CPU.ActiveCfg = Release|Any CPU
		{D11D3525-FB7E-4DD4-AD7B-7919DEAA11E5}.Release|Any CPU.Build.0 = Release|Any CPU
		{1802908E-C139-4406-9CDF-F14950158D45}.Debug|Any CPU.ActiveCfg = Debug|Any CPU
		{1802908E-C139-4406-9CDF-F14950158D45}.Debug|Any CPU.Build.0 = Debug|Any CPU
		{1802908E-C139-4406-9CDF-F14950158D45}.Release|Any CPU.ActiveCfg = Release|Any CPU
		{1802908E-C139-4406-9CDF-F14950158D45}.Release|Any CPU.Build.0 = Release|Any CPU
		{A0E8CA5C-BA8C-4386-B49C-37534D95DE91}.Debug|Any CPU.ActiveCfg = Debug|Any CPU
		{A0E8CA5C-BA8C-4386-B49C-37534D95DE91}.Debug|Any CPU.Build.0 = Debug|Any CPU
		{A0E8CA5C-BA8C-4386-B49C-37534D95DE91}.Release|Any CPU.ActiveCfg = Release|Any CPU
		{A0E8CA5C-BA8C-4386-B49C-37534D95DE91}.Release|Any CPU.Build.0 = Release|Any CPU
		{97F98AE4-9285-4396-B4DC-6F26A426454B}.Debug|Any CPU.ActiveCfg = Debug|Any CPU
		{97F98AE4-9285-4396-B4DC-6F26A426454B}.Debug|Any CPU.Build.0 = Debug|Any CPU
		{97F98AE4-9285-4396-B4DC-6F26A426454B}.Release|Any CPU.ActiveCfg = Release|Any CPU
		{97F98AE4-9285-4396-B4DC-6F26A426454B}.Release|Any CPU.Build.0 = Release|Any CPU
		{F611B05C-DB48-440F-B97B-8A65F505CA96}.Debug|Any CPU.ActiveCfg = Debug|Any CPU
		{F611B05C-DB48-440F-B97B-8A65F505CA96}.Debug|Any CPU.Build.0 = Debug|Any CPU
		{F611B05C-DB48-440F-B97B-8A65F505CA96}.Release|Any CPU.ActiveCfg = Release|Any CPU
		{F611B05C-DB48-440F-B97B-8A65F505CA96}.Release|Any CPU.Build.0 = Release|Any CPU
		{A59D1C49-F40F-447D-BCCC-F2D3FACB49FF}.Debug|Any CPU.ActiveCfg = Debug|Any CPU
		{A59D1C49-F40F-447D-BCCC-F2D3FACB49FF}.Debug|Any CPU.Build.0 = Debug|Any CPU
		{A59D1C49-F40F-447D-BCCC-F2D3FACB49FF}.Release|Any CPU.ActiveCfg = Release|Any CPU
		{A59D1C49-F40F-447D-BCCC-F2D3FACB49FF}.Release|Any CPU.Build.0 = Release|Any CPU
		{A73A0483-2308-4CD1-BA8E-26DC89C537E2}.Debug|Any CPU.ActiveCfg = Debug|Any CPU
		{A73A0483-2308-4CD1-BA8E-26DC89C537E2}.Debug|Any CPU.Build.0 = Debug|Any CPU
		{A73A0483-2308-4CD1-BA8E-26DC89C537E2}.Release|Any CPU.ActiveCfg = Release|Any CPU
		{A73A0483-2308-4CD1-BA8E-26DC89C537E2}.Release|Any CPU.Build.0 = Release|Any CPU
		{A9963554-42C2-45D2-BF4F-14BC775F3A08}.Debug|Any CPU.ActiveCfg = Debug|Any CPU
		{A9963554-42C2-45D2-BF4F-14BC775F3A08}.Debug|Any CPU.Build.0 = Debug|Any CPU
		{A9963554-42C2-45D2-BF4F-14BC775F3A08}.Release|Any CPU.ActiveCfg = Release|Any CPU
		{A9963554-42C2-45D2-BF4F-14BC775F3A08}.Release|Any CPU.Build.0 = Release|Any CPU
		{33157A1B-E1AA-48ED-B56E-24E969A88D7C}.Debug|Any CPU.ActiveCfg = Debug|Any CPU
		{33157A1B-E1AA-48ED-B56E-24E969A88D7C}.Debug|Any CPU.Build.0 = Debug|Any CPU
		{33157A1B-E1AA-48ED-B56E-24E969A88D7C}.Release|Any CPU.ActiveCfg = Release|Any CPU
		{33157A1B-E1AA-48ED-B56E-24E969A88D7C}.Release|Any CPU.Build.0 = Release|Any CPU
	EndGlobalSection
	GlobalSection(SolutionProperties) = preSolution
		HideSolutionNode = FALSE
	EndGlobalSection
	GlobalSection(NestedProjects) = preSolution
		{548CEFAF-E46B-429B-A39D-77E3F0FD4DBC} = {48C00514-1BAA-4595-8673-6B748589AFF0}
		{27C73AE0-6FDC-4518-B08A-446F84ECFC5B} = {3DC8D89F-F429-4DCD-9DD2-D192C4DE2BAC}
		{5DD40959-69D8-4D6C-A9E5-CC9705F09A98} = {548CEFAF-E46B-429B-A39D-77E3F0FD4DBC}
		{734DE455-6AC7-44BF-BDD7-FB1FA5E77D0B} = {48C00514-1BAA-4595-8673-6B748589AFF0}
		{D11D3525-FB7E-4DD4-AD7B-7919DEAA11E5} = {734DE455-6AC7-44BF-BDD7-FB1FA5E77D0B}
		{F3837304-B40F-44F7-851B-6804EE835440} = {48C00514-1BAA-4595-8673-6B748589AFF0}
		{1802908E-C139-4406-9CDF-F14950158D45} = {F3837304-B40F-44F7-851B-6804EE835440}
		{2B4A3491-31CA-45F1-9342-685203B7FDDB} = {48C00514-1BAA-4595-8673-6B748589AFF0}
		{A0E8CA5C-BA8C-4386-B49C-37534D95DE91} = {2B4A3491-31CA-45F1-9342-685203B7FDDB}
		{97F98AE4-9285-4396-B4DC-6F26A426454B} = {2B4A3491-31CA-45F1-9342-685203B7FDDB}
		{F611B05C-DB48-440F-B97B-8A65F505CA96} = {2B4A3491-31CA-45F1-9342-685203B7FDDB}
		{A59D1C49-F40F-447D-BCCC-F2D3FACB49FF} = {2B4A3491-31CA-45F1-9342-685203B7FDDB}
		{A73A0483-2308-4CD1-BA8E-26DC89C537E2} = {3DC8D89F-F429-4DCD-9DD2-D192C4DE2BAC}
		{A9963554-42C2-45D2-BF4F-14BC775F3A08} = {7FF35CBE-6C45-40D8-ABEE-8B1882648B0E}
		{33157A1B-E1AA-48ED-B56E-24E969A88D7C} = {81A99327-D299-4B67-961E-97A46A96871F}
	EndGlobalSection
EndGlobal
